
Microsoft Visual Studio Solution File, Format Version 12.00
# Visual Studio 15
VisualStudioVersion = 15.0.28307.705
MinimumVisualStudioVersion = 10.0.40219.1
Project("{FAE04EC0-301F-11D3-BF4B-00C04F79EFBC}") = "Onra2 Color Picker", "Onra2 Color Picker\Onra2 Color Picker.csproj", "{3BCAFAC2-4383-4E6F-A24A-75C253D018C1}"
EndProject
Global
	GlobalSection(SolutionConfigurationPlatforms) = preSolution
		Debug|Any CPU = Debug|Any CPU
		Release|Any CPU = Release|Any CPU
	EndGlobalSection
	GlobalSection(ProjectConfigurationPlatforms) = postSolution
		{3BCAFAC2-4383-4E6F-A24A-75C253D018C1}.Debug|Any CPU.ActiveCfg = Debug|Any CPU
		{3BCAFAC2-4383-4E6F-A24A-75C253D018C1}.Debug|Any CPU.Build.0 = Debug|Any CPU
		{3BCAFAC2-4383-4E6F-A24A-75C253D018C1}.Release|Any CPU.ActiveCfg = Release|Any CPU
		{3BCAFAC2-4383-4E6F-A24A-75C253D018C1}.Release|Any CPU.Build.0 = Release|Any CPU
	EndGlobalSection
	GlobalSection(SolutionProperties) = preSolution
		HideSolutionNode = FALSE
	EndGlobalSection
	GlobalSection(ExtensibilityGlobals) = postSolution
		SolutionGuid = {8D616C59-BB6A-442A-9307-426D51E6BCA5}
	EndGlobalSection
EndGlobal
